
Microsoft Visual Studio Solution File, Format Version 12.00
# Visual Studio Version 17
VisualStudioVersion = 17.0.31903.59
MinimumVisualStudioVersion = 10.0.40219.1
Project("{9A19103F-16F7-4668-BE54-9A1E7A4F7556}") = "AMCode.Common", "commonlibrary\AMCode.Common\AMCode.Common.csproj", "{A1B2C3D4-E5F6-7890-ABCD-EF1234567890}"
EndProject
Project("{9A19103F-16F7-4668-BE54-9A1E7A4F7556}") = "AMCode.Columns", "columnslibrary\AMCode.Columns\AMCode.Columns.csproj", "{A0B1C2D3-E4F5-6789-ABCD-EF0123456789}"
EndProject
Project("{9A19103F-16F7-4668-BE54-9A1E7A4F7556}") = "AMCode.Vertica.Client", "verticalibrary\AMCode.Vertica.Client\AMCode.Vertica.Client.csproj", "{112B485D-4602-47E8-0032-F40CF5ADB58E}"
EndProject
Project("{9A19103F-16F7-4668-BE54-9A1E7A4F7556}") = "AMCode.Common.UnitTests", "commonlibrary\AMCode.Common.UnitTests\AMCode.Common.UnitTests.csproj", "{1CC7EDB1-A5B8-5251-1007-FECA498307C9}"
EndProject
Project("{9A19103F-16F7-4668-BE54-9A1E7A4F7556}") = "AMCode.Common.Testing", "commontestinglibrary\AMCode.Common.Testing\AMCode.Common.Testing.csproj", "{74B7BD0F-9BBA-A1B3-44E9-27F83EE95054}"
EndProject
Project("{9A19103F-16F7-4668-BE54-9A1E7A4F7556}") = "AMCode.Common.Testing.UnitTests", "commontestinglibrary\AMCode.Common.Testing.UnitTests\AMCode.Common.Testing.UnitTests.csproj", "{A90E2274-ABC1-F9CC-6ECA-D24482C3C427}"
EndProject
Project("{9A19103F-16F7-4668-BE54-9A1E7A4F7556}") = "AMCode.Data", "datalibrary\AMCode.Data\AMCode.Data.csproj", "{3DED823B-C007-946D-14B0-5204E636C1F1}"
EndProject
Project("{9A19103F-16F7-4668-BE54-9A1E7A4F7556}") = "AMCode.Data.UnitTests", "datalibrary\AMCode.Data.UnitTests\AMCode.Data.UnitTests.csproj", "{35750AC0-A391-6BD8-A748-51CD0CA489B4}"
EndProject
Project("{9A19103F-16F7-4668-BE54-9A1E7A4F7556}") = "AMCode.Data.SQLTests", "datalibrary\AMCode.Data.SQLTests\AMCode.Data.SQLTests.csproj", "{7F9D872C-B54C-F1C8-F5BB-9BCFA4BB0DC0}"
EndProject
Project("{9A19103F-16F7-4668-BE54-9A1E7A4F7556}") = "AMCode.Storage", "storagelibrary\AMCode.Storage\AMCode.Storage.csproj", "{480DDBA5-8B5F-33EF-4C9A-C0560E5D0122}"
EndProject
Project("{9A19103F-16F7-4668-BE54-9A1E7A4F7556}") = "AMCode.Storage.UnitTests", "storagelibrary\AMCode.Storage.UnitTests\AMCode.Storage.UnitTests.csproj", "{86CB7D08-9B2C-CC44-E531-A6065B8A4056}"
EndProject
Project("{9A19103F-16F7-4668-BE54-9A1E7A4F7556}") = "AMCode.Xlsx", "xlsxlibrary\AMCode.Xlsx\AMCode.Xlsx.csproj", "{6F471D91-F0CF-A719-283E-8BBCD152027E}"
EndProject
Project("{9A19103F-16F7-4668-BE54-9A1E7A4F7556}") = "AMCode.Xlsx.UnitTests", "xlsxlibrary\AMCode.Xlsx.UnitTests\AMCode.Xlsx.UnitTests.csproj", "{455C862A-D8AA-FECE-66FB-5022F8DA6D88}"
EndProject
Project("{9A19103F-16F7-4668-BE54-9A1E7A4F7556}") = "AMCode.Sql.Builder", "sqlbuilderlibrary\AMCode.Sql.Builder\AMCode.Sql.Builder.csproj", "{62612BD3-15F1-6C1A-D26A-824056502887}"
EndProject
Project("{9A19103F-16F7-4668-BE54-9A1E7A4F7556}") = "AMCode.Sql.Builder.UnitTests", "sqlbuilderlibrary\AMCode.Sql.Builder.UnitTests\AMCode.Sql.Builder.UnitTests.csproj", "{F88EC796-3C8E-C082-38E0-BBE2BED45A26}"
EndProject
Project("{9A19103F-16F7-4668-BE54-9A1E7A4F7556}") = "AMCode.Sql.Builder.IntegrationTests", "sqlbuilderlibrary\AMCode.Sql.Builder.IntegrationTests\AMCode.Sql.Builder.IntegrationTests.csproj", "{2DB8BAEA-E054-F410-F56B-25E0415BF148}"
EndProject
Project("{9A19103F-16F7-4668-BE54-9A1E7A4F7556}") = "AMCode.Exports", "exportslibrary\AMCode.Exports\AMCode.Exports.csproj", "{41C6BF6E-914A-238D-B35B-914ED88A6CB5}"
EndProject
Project("{9A19103F-16F7-4668-BE54-9A1E7A4F7556}") = "AMCode.Exports.UnitTests", "exportslibrary\AMCode.Exports.UnitTests\AMCode.Exports.UnitTests.csproj", "{F46B8E64-F8C0-9D11-742C-840DB9337FCC}"
EndProject
Project("{9A19103F-16F7-4668-BE54-9A1E7A4F7556}") = "AMCode.Exports.IntegrationTests", "exportslibrary\AMCode.Exports.IntegrationTests\AMCode.Exports.IntegrationTests.csproj", "{8555A5CF-8448-0114-3EA5-BCBFF4CDF072}"
EndProject
Project("{9A19103F-16F7-4668-BE54-9A1E7A4F7556}") = "AMCode.Exports.SharedTestLibrary", "exportslibrary\AMCode.Exports.SharedTestLibrary\AMCode.Exports.SharedTestLibrary.csproj", "{5B21AD34-2CDD-47ED-8947-B2398FE14F8F}"
EndProject
Project("{2150E333-8FDC-42A3-9474-1A3956D46DE8}") = "weblibrary", "weblibrary", "{E173CC06-6F7F-9853-0364-790DF04C690E}"
EndProject
Project("{FAE04EC0-301F-11D3-BF4B-00C04F79EFBC}") = "AMCode.Web", "weblibrary\AMCode.Web\AMCode.Web.csproj", "{B3F5756F-0398-49BE-ABA7-CC2F55D771D9}"
EndProject
Project("{FAE04EC0-301F-11D3-BF4B-00C04F79EFBC}") = "AMCode.Web.UnitTests", "weblibrary\AMCode.Web.UnitTests\AMCode.Web.UnitTests.csproj", "{87EE0A6F-0D83-48BE-9EDC-141AE7D0581C}"
EndProject
Global
	GlobalSection(SolutionConfigurationPlatforms) = preSolution
		Debug|Any CPU = Debug|Any CPU
		Debug|x64 = Debug|x64
		Debug|x86 = Debug|x86
		Release|Any CPU = Release|Any CPU
		Release|x64 = Release|x64
		Release|x86 = Release|x86
	EndGlobalSection
	GlobalSection(ProjectConfigurationPlatforms) = postSolution
		{A1B2C3D4-E5F6-7890-ABCD-EF1234567890}.Debug|Any CPU.ActiveCfg = Debug|Any CPU
		{A1B2C3D4-E5F6-7890-ABCD-EF1234567890}.Debug|Any CPU.Build.0 = Debug|Any CPU
		{A1B2C3D4-E5F6-7890-ABCD-EF1234567890}.Debug|x64.ActiveCfg = Debug|Any CPU
		{A1B2C3D4-E5F6-7890-ABCD-EF1234567890}.Debug|x64.Build.0 = Debug|Any CPU
		{A1B2C3D4-E5F6-7890-ABCD-EF1234567890}.Debug|x86.ActiveCfg = Debug|Any CPU
		{A1B2C3D4-E5F6-7890-ABCD-EF1234567890}.Debug|x86.Build.0 = Debug|Any CPU
		{A1B2C3D4-E5F6-7890-ABCD-EF1234567890}.Release|Any CPU.ActiveCfg = Release|Any CPU
		{A1B2C3D4-E5F6-7890-ABCD-EF1234567890}.Release|Any CPU.Build.0 = Release|Any CPU
		{A1B2C3D4-E5F6-7890-ABCD-EF1234567890}.Release|x64.ActiveCfg = Release|Any CPU
		{A1B2C3D4-E5F6-7890-ABCD-EF1234567890}.Release|x64.Build.0 = Release|Any CPU
		{A1B2C3D4-E5F6-7890-ABCD-EF1234567890}.Release|x86.ActiveCfg = Release|Any CPU
		{A1B2C3D4-E5F6-7890-ABCD-EF1234567890}.Release|x86.Build.0 = Release|Any CPU
		{A0B1C2D3-E4F5-6789-ABCD-EF0123456789}.Debug|Any CPU.ActiveCfg = Debug|Any CPU
		{A0B1C2D3-E4F5-6789-ABCD-EF0123456789}.Debug|Any CPU.Build.0 = Debug|Any CPU
		{A0B1C2D3-E4F5-6789-ABCD-EF0123456789}.Debug|x64.ActiveCfg = Debug|Any CPU
		{A0B1C2D3-E4F5-6789-ABCD-EF0123456789}.Debug|x64.Build.0 = Debug|Any CPU
		{A0B1C2D3-E4F5-6789-ABCD-EF0123456789}.Debug|x86.ActiveCfg = Debug|Any CPU
		{A0B1C2D3-E4F5-6789-ABCD-EF0123456789}.Debug|x86.Build.0 = Debug|Any CPU
		{A0B1C2D3-E4F5-6789-ABCD-EF0123456789}.Release|Any CPU.ActiveCfg = Release|Any CPU
		{A0B1C2D3-E4F5-6789-ABCD-EF0123456789}.Release|Any CPU.Build.0 = Release|Any CPU
		{A0B1C2D3-E4F5-6789-ABCD-EF0123456789}.Release|x64.ActiveCfg = Release|Any CPU
		{A0B1C2D3-E4F5-6789-ABCD-EF0123456789}.Release|x64.Build.0 = Release|Any CPU
		{A0B1C2D3-E4F5-6789-ABCD-EF0123456789}.Release|x86.ActiveCfg = Release|Any CPU
		{A0B1C2D3-E4F5-6789-ABCD-EF0123456789}.Release|x86.Build.0 = Release|Any CPU
		{112B485D-4602-47E8-0032-F40CF5ADB58E}.Debug|x64.ActiveCfg = Debug|Any CPU
		{112B485D-4602-47E8-0032-F40CF5ADB58E}.Debug|x64.Build.0 = Debug|Any CPU
		{112B485D-4602-47E8-0032-F40CF5ADB58E}.Debug|x86.ActiveCfg = Debug|Any CPU
		{112B485D-4602-47E8-0032-F40CF5ADB58E}.Debug|x86.Build.0 = Debug|Any CPU
		{112B485D-4602-47E8-0032-F40CF5ADB58E}.Release|x64.ActiveCfg = Release|Any CPU
		{112B485D-4602-47E8-0032-F40CF5ADB58E}.Release|x64.Build.0 = Release|Any CPU
		{112B485D-4602-47E8-0032-F40CF5ADB58E}.Release|x86.ActiveCfg = Release|Any CPU
		{112B485D-4602-47E8-0032-F40CF5ADB58E}.Release|x86.Build.0 = Release|Any CPU
		{1CC7EDB1-A5B8-5251-1007-FECA498307C9}.Debug|x64.ActiveCfg = Debug|Any CPU
		{1CC7EDB1-A5B8-5251-1007-FECA498307C9}.Debug|x64.Build.0 = Debug|Any CPU
		{1CC7EDB1-A5B8-5251-1007-FECA498307C9}.Debug|x86.ActiveCfg = Debug|Any CPU
		{1CC7EDB1-A5B8-5251-1007-FECA498307C9}.Debug|x86.Build.0 = Debug|Any CPU
		{1CC7EDB1-A5B8-5251-1007-FECA498307C9}.Release|x64.ActiveCfg = Release|Any CPU
		{1CC7EDB1-A5B8-5251-1007-FECA498307C9}.Release|x64.Build.0 = Release|Any CPU
		{1CC7EDB1-A5B8-5251-1007-FECA498307C9}.Release|x86.ActiveCfg = Release|Any CPU
		{1CC7EDB1-A5B8-5251-1007-FECA498307C9}.Release|x86.Build.0 = Release|Any CPU
		{74B7BD0F-9BBA-A1B3-44E9-27F83EE95054}.Debug|x64.ActiveCfg = Debug|Any CPU
		{74B7BD0F-9BBA-A1B3-44E9-27F83EE95054}.Debug|x64.Build.0 = Debug|Any CPU
		{74B7BD0F-9BBA-A1B3-44E9-27F83EE95054}.Debug|x86.ActiveCfg = Debug|Any CPU
		{74B7BD0F-9BBA-A1B3-44E9-27F83EE95054}.Debug|x86.Build.0 = Debug|Any CPU
		{74B7BD0F-9BBA-A1B3-44E9-27F83EE95054}.Release|x64.ActiveCfg = Release|Any CPU
		{74B7BD0F-9BBA-A1B3-44E9-27F83EE95054}.Release|x64.Build.0 = Release|Any CPU
		{74B7BD0F-9BBA-A1B3-44E9-27F83EE95054}.Release|x86.ActiveCfg = Release|Any CPU
		{74B7BD0F-9BBA-A1B3-44E9-27F83EE95054}.Release|x86.Build.0 = Release|Any CPU
		{A90E2274-ABC1-F9CC-6ECA-D24482C3C427}.Debug|x64.ActiveCfg = Debug|Any CPU
		{A90E2274-ABC1-F9CC-6ECA-D24482C3C427}.Debug|x64.Build.0 = Debug|Any CPU
		{A90E2274-ABC1-F9CC-6ECA-D24482C3C427}.Debug|x86.ActiveCfg = Debug|Any CPU
		{A90E2274-ABC1-F9CC-6ECA-D24482C3C427}.Debug|x86.Build.0 = Debug|Any CPU
		{A90E2274-ABC1-F9CC-6ECA-D24482C3C427}.Release|x64.ActiveCfg = Release|Any CPU
		{A90E2274-ABC1-F9CC-6ECA-D24482C3C427}.Release|x64.Build.0 = Release|Any CPU
		{A90E2274-ABC1-F9CC-6ECA-D24482C3C427}.Release|x86.ActiveCfg = Release|Any CPU
		{A90E2274-ABC1-F9CC-6ECA-D24482C3C427}.Release|x86.Build.0 = Release|Any CPU
		{3DED823B-C007-946D-14B0-5204E636C1F1}.Debug|x64.ActiveCfg = Debug|Any CPU
		{3DED823B-C007-946D-14B0-5204E636C1F1}.Debug|x64.Build.0 = Debug|Any CPU
		{3DED823B-C007-946D-14B0-5204E636C1F1}.Debug|x86.ActiveCfg = Debug|Any CPU
		{3DED823B-C007-946D-14B0-5204E636C1F1}.Debug|x86.Build.0 = Debug|Any CPU
		{3DED823B-C007-946D-14B0-5204E636C1F1}.Release|x64.ActiveCfg = Release|Any CPU
		{3DED823B-C007-946D-14B0-5204E636C1F1}.Release|x64.Build.0 = Release|Any CPU
		{3DED823B-C007-946D-14B0-5204E636C1F1}.Release|x86.ActiveCfg = Release|Any CPU
		{3DED823B-C007-946D-14B0-5204E636C1F1}.Release|x86.Build.0 = Release|Any CPU
		{35750AC0-A391-6BD8-A748-51CD0CA489B4}.Debug|x64.ActiveCfg = Debug|Any CPU
		{35750AC0-A391-6BD8-A748-51CD0CA489B4}.Debug|x64.Build.0 = Debug|Any CPU
		{35750AC0-A391-6BD8-A748-51CD0CA489B4}.Debug|x86.ActiveCfg = Debug|Any CPU
		{35750AC0-A391-6BD8-A748-51CD0CA489B4}.Debug|x86.Build.0 = Debug|Any CPU
		{35750AC0-A391-6BD8-A748-51CD0CA489B4}.Release|x64.ActiveCfg = Release|Any CPU
		{35750AC0-A391-6BD8-A748-51CD0CA489B4}.Release|x64.Build.0 = Release|Any CPU
		{35750AC0-A391-6BD8-A748-51CD0CA489B4}.Release|x86.ActiveCfg = Release|Any CPU
		{35750AC0-A391-6BD8-A748-51CD0CA489B4}.Release|x86.Build.0 = Release|Any CPU
		{7F9D872C-B54C-F1C8-F5BB-9BCFA4BB0DC0}.Debug|x64.ActiveCfg = Debug|Any CPU
		{7F9D872C-B54C-F1C8-F5BB-9BCFA4BB0DC0}.Debug|x64.Build.0 = Debug|Any CPU
		{7F9D872C-B54C-F1C8-F5BB-9BCFA4BB0DC0}.Debug|x86.ActiveCfg = Debug|Any CPU
		{7F9D872C-B54C-F1C8-F5BB-9BCFA4BB0DC0}.Debug|x86.Build.0 = Debug|Any CPU
		{7F9D872C-B54C-F1C8-F5BB-9BCFA4BB0DC0}.Release|x64.ActiveCfg = Release|Any CPU
		{7F9D872C-B54C-F1C8-F5BB-9BCFA4BB0DC0}.Release|x64.Build.0 = Release|Any CPU
		{7F9D872C-B54C-F1C8-F5BB-9BCFA4BB0DC0}.Release|x86.ActiveCfg = Release|Any CPU
		{7F9D872C-B54C-F1C8-F5BB-9BCFA4BB0DC0}.Release|x86.Build.0 = Release|Any CPU
		{480DDBA5-8B5F-33EF-4C9A-C0560E5D0122}.Debug|x64.ActiveCfg = Debug|Any CPU
		{480DDBA5-8B5F-33EF-4C9A-C0560E5D0122}.Debug|x64.Build.0 = Debug|Any CPU
		{480DDBA5-8B5F-33EF-4C9A-C0560E5D0122}.Debug|x86.ActiveCfg = Debug|Any CPU
		{480DDBA5-8B5F-33EF-4C9A-C0560E5D0122}.Debug|x86.Build.0 = Debug|Any CPU
		{480DDBA5-8B5F-33EF-4C9A-C0560E5D0122}.Release|x64.ActiveCfg = Release|Any CPU
		{480DDBA5-8B5F-33EF-4C9A-C0560E5D0122}.Release|x64.Build.0 = Release|Any CPU
		{480DDBA5-8B5F-33EF-4C9A-C0560E5D0122}.Release|x86.ActiveCfg = Release|Any CPU
		{480DDBA5-8B5F-33EF-4C9A-C0560E5D0122}.Release|x86.Build.0 = Release|Any CPU
		{86CB7D08-9B2C-CC44-E531-A6065B8A4056}.Debug|x64.ActiveCfg = Debug|Any CPU
		{86CB7D08-9B2C-CC44-E531-A6065B8A4056}.Debug|x64.Build.0 = Debug|Any CPU
		{86CB7D08-9B2C-CC44-E531-A6065B8A4056}.Debug|x86.ActiveCfg = Debug|Any CPU
		{86CB7D08-9B2C-CC44-E531-A6065B8A4056}.Debug|x86.Build.0 = Debug|Any CPU
		{86CB7D08-9B2C-CC44-E531-A6065B8A4056}.Release|x64.ActiveCfg = Release|Any CPU
		{86CB7D08-9B2C-CC44-E531-A6065B8A4056}.Release|x64.Build.0 = Release|Any CPU
		{86CB7D08-9B2C-CC44-E531-A6065B8A4056}.Release|x86.ActiveCfg = Release|Any CPU
		{86CB7D08-9B2C-CC44-E531-A6065B8A4056}.Release|x86.Build.0 = Release|Any CPU
		{6F471D91-F0CF-A719-283E-8BBCD152027E}.Debug|x64.ActiveCfg = Debug|Any CPU
		{6F471D91-F0CF-A719-283E-8BBCD152027E}.Debug|x64.Build.0 = Debug|Any CPU
		{6F471D91-F0CF-A719-283E-8BBCD152027E}.Debug|x86.ActiveCfg = Debug|Any CPU
		{6F471D91-F0CF-A719-283E-8BBCD152027E}.Debug|x86.Build.0 = Debug|Any CPU
		{6F471D91-F0CF-A719-283E-8BBCD152027E}.Release|x64.ActiveCfg = Release|Any CPU
		{6F471D91-F0CF-A719-283E-8BBCD152027E}.Release|x64.Build.0 = Release|Any CPU
		{6F471D91-F0CF-A719-283E-8BBCD152027E}.Release|x86.ActiveCfg = Release|Any CPU
		{6F471D91-F0CF-A719-283E-8BBCD152027E}.Release|x86.Build.0 = Release|Any CPU
		{455C862A-D8AA-FECE-66FB-5022F8DA6D88}.Debug|x64.ActiveCfg = Debug|Any CPU
		{455C862A-D8AA-FECE-66FB-5022F8DA6D88}.Debug|x64.Build.0 = Debug|Any CPU
		{455C862A-D8AA-FECE-66FB-5022F8DA6D88}.Debug|x86.ActiveCfg = Debug|Any CPU
		{455C862A-D8AA-FECE-66FB-5022F8DA6D88}.Debug|x86.Build.0 = Debug|Any CPU
		{455C862A-D8AA-FECE-66FB-5022F8DA6D88}.Release|x64.ActiveCfg = Release|Any CPU
		{455C862A-D8AA-FECE-66FB-5022F8DA6D88}.Release|x64.Build.0 = Release|Any CPU
		{455C862A-D8AA-FECE-66FB-5022F8DA6D88}.Release|x86.ActiveCfg = Release|Any CPU
		{455C862A-D8AA-FECE-66FB-5022F8DA6D88}.Release|x86.Build.0 = Release|Any CPU
		{62612BD3-15F1-6C1A-D26A-824056502887}.Debug|x64.ActiveCfg = Debug|Any CPU
		{62612BD3-15F1-6C1A-D26A-824056502887}.Debug|x64.Build.0 = Debug|Any CPU
		{62612BD3-15F1-6C1A-D26A-824056502887}.Debug|x86.ActiveCfg = Debug|Any CPU
		{62612BD3-15F1-6C1A-D26A-824056502887}.Debug|x86.Build.0 = Debug|Any CPU
		{62612BD3-15F1-6C1A-D26A-824056502887}.Release|x64.ActiveCfg = Release|Any CPU
		{62612BD3-15F1-6C1A-D26A-824056502887}.Release|x64.Build.0 = Release|Any CPU
		{62612BD3-15F1-6C1A-D26A-824056502887}.Release|x86.ActiveCfg = Release|Any CPU
		{62612BD3-15F1-6C1A-D26A-824056502887}.Release|x86.Build.0 = Release|Any CPU
		{F88EC796-3C8E-C082-38E0-BBE2BED45A26}.Debug|x64.ActiveCfg = Debug|Any CPU
		{F88EC796-3C8E-C082-38E0-BBE2BED45A26}.Debug|x64.Build.0 = Debug|Any CPU
		{F88EC796-3C8E-C082-38E0-BBE2BED45A26}.Debug|x86.ActiveCfg = Debug|Any CPU
		{F88EC796-3C8E-C082-38E0-BBE2BED45A26}.Debug|x86.Build.0 = Debug|Any CPU
		{F88EC796-3C8E-C082-38E0-BBE2BED45A26}.Release|x64.ActiveCfg = Release|Any CPU
		{F88EC796-3C8E-C082-38E0-BBE2BED45A26}.Release|x64.Build.0 = Release|Any CPU
		{F88EC796-3C8E-C082-38E0-BBE2BED45A26}.Release|x86.ActiveCfg = Release|Any CPU
		{F88EC796-3C8E-C082-38E0-BBE2BED45A26}.Release|x86.Build.0 = Release|Any CPU
		{2DB8BAEA-E054-F410-F56B-25E0415BF148}.Debug|x64.ActiveCfg = Debug|Any CPU
		{2DB8BAEA-E054-F410-F56B-25E0415BF148}.Debug|x64.Build.0 = Debug|Any CPU
		{2DB8BAEA-E054-F410-F56B-25E0415BF148}.Debug|x86.ActiveCfg = Debug|Any CPU
		{2DB8BAEA-E054-F410-F56B-25E0415BF148}.Debug|x86.Build.0 = Debug|Any CPU
		{2DB8BAEA-E054-F410-F56B-25E0415BF148}.Release|x64.ActiveCfg = Release|Any CPU
		{2DB8BAEA-E054-F410-F56B-25E0415BF148}.Release|x64.Build.0 = Release|Any CPU
		{2DB8BAEA-E054-F410-F56B-25E0415BF148}.Release|x86.ActiveCfg = Release|Any CPU
		{2DB8BAEA-E054-F410-F56B-25E0415BF148}.Release|x86.Build.0 = Release|Any CPU
		{41C6BF6E-914A-238D-B35B-914ED88A6CB5}.Debug|x64.ActiveCfg = Debug|Any CPU
		{41C6BF6E-914A-238D-B35B-914ED88A6CB5}.Debug|x64.Build.0 = Debug|Any CPU
		{41C6BF6E-914A-238D-B35B-914ED88A6CB5}.Debug|x86.ActiveCfg = Debug|Any CPU
		{41C6BF6E-914A-238D-B35B-914ED88A6CB5}.Debug|x86.Build.0 = Debug|Any CPU
		{41C6BF6E-914A-238D-B35B-914ED88A6CB5}.Release|x64.ActiveCfg = Release|Any CPU
		{41C6BF6E-914A-238D-B35B-914ED88A6CB5}.Release|x64.Build.0 = Release|Any CPU
		{41C6BF6E-914A-238D-B35B-914ED88A6CB5}.Release|x86.ActiveCfg = Release|Any CPU
		{41C6BF6E-914A-238D-B35B-914ED88A6CB5}.Release|x86.Build.0 = Release|Any CPU
		{F46B8E64-F8C0-9D11-742C-840DB9337FCC}.Debug|x64.ActiveCfg = Debug|Any CPU
		{F46B8E64-F8C0-9D11-742C-840DB9337FCC}.Debug|x64.Build.0 = Debug|Any CPU
		{F46B8E64-F8C0-9D11-742C-840DB9337FCC}.Debug|x86.ActiveCfg = Debug|Any CPU
		{F46B8E64-F8C0-9D11-742C-840DB9337FCC}.Debug|x86.Build.0 = Debug|Any CPU
		{F46B8E64-F8C0-9D11-742C-840DB9337FCC}.Release|x64.ActiveCfg = Release|Any CPU
		{F46B8E64-F8C0-9D11-742C-840DB9337FCC}.Release|x64.Build.0 = Release|Any CPU
		{F46B8E64-F8C0-9D11-742C-840DB9337FCC}.Release|x86.ActiveCfg = Release|Any CPU
		{F46B8E64-F8C0-9D11-742C-840DB9337FCC}.Release|x86.Build.0 = Release|Any CPU
		{8555A5CF-8448-0114-3EA5-BCBFF4CDF072}.Debug|x64.ActiveCfg = Debug|Any CPU
		{8555A5CF-8448-0114-3EA5-BCBFF4CDF072}.Debug|x64.Build.0 = Debug|Any CPU
		{8555A5CF-8448-0114-3EA5-BCBFF4CDF072}.Debug|x86.ActiveCfg = Debug|Any CPU
		{8555A5CF-8448-0114-3EA5-BCBFF4CDF072}.Debug|x86.Build.0 = Debug|Any CPU
		{8555A5CF-8448-0114-3EA5-BCBFF4CDF072}.Release|x64.ActiveCfg = Release|Any CPU
		{8555A5CF-8448-0114-3EA5-BCBFF4CDF072}.Release|x64.Build.0 = Release|Any CPU
		{8555A5CF-8448-0114-3EA5-BCBFF4CDF072}.Release|x86.ActiveCfg = Release|Any CPU
		{8555A5CF-8448-0114-3EA5-BCBFF4CDF072}.Release|x86.Build.0 = Release|Any CPU
		{5B21AD34-2CDD-47ED-8947-B2398FE14F8F}.Debug|x64.ActiveCfg = Debug|Any CPU
		{5B21AD34-2CDD-47ED-8947-B2398FE14F8F}.Debug|x64.Build.0 = Debug|Any CPU
		{5B21AD34-2CDD-47ED-8947-B2398FE14F8F}.Debug|x86.ActiveCfg = Debug|Any CPU
		{5B21AD34-2CDD-47ED-8947-B2398FE14F8F}.Debug|x86.Build.0 = Debug|Any CPU
		{5B21AD34-2CDD-47ED-8947-B2398FE14F8F}.Release|x64.ActiveCfg = Release|Any CPU
		{5B21AD34-2CDD-47ED-8947-B2398FE14F8F}.Release|x64.Build.0 = Release|Any CPU
		{5B21AD34-2CDD-47ED-8947-B2398FE14F8F}.Release|x86.ActiveCfg = Release|Any CPU
		{5B21AD34-2CDD-47ED-8947-B2398FE14F8F}.Release|x86.Build.0 = Release|Any CPU
		{B3F5756F-0398-49BE-ABA7-CC2F55D771D9}.Debug|Any CPU.ActiveCfg = Debug|Any CPU
		{B3F5756F-0398-49BE-ABA7-CC2F55D771D9}.Debug|Any CPU.Build.0 = Debug|Any CPU
		{B3F5756F-0398-49BE-ABA7-CC2F55D771D9}.Debug|x64.ActiveCfg = Debug|Any CPU
		{B3F5756F-0398-49BE-ABA7-CC2F55D771D9}.Debug|x64.Build.0 = Debug|Any CPU
		{B3F5756F-0398-49BE-ABA7-CC2F55D771D9}.Debug|x86.ActiveCfg = Debug|Any CPU
		{B3F5756F-0398-49BE-ABA7-CC2F55D771D9}.Debug|x86.Build.0 = Debug|Any CPU
		{B3F5756F-0398-49BE-ABA7-CC2F55D771D9}.Release|Any CPU.ActiveCfg = Release|Any CPU
		{B3F5756F-0398-49BE-ABA7-CC2F55D771D9}.Release|Any CPU.Build.0 = Release|Any CPU
		{B3F5756F-0398-49BE-ABA7-CC2F55D771D9}.Release|x64.ActiveCfg = Release|Any CPU
		{B3F5756F-0398-49BE-ABA7-CC2F55D771D9}.Release|x64.Build.0 = Release|Any CPU
		{B3F5756F-0398-49BE-ABA7-CC2F55D771D9}.Release|x86.ActiveCfg = Release|Any CPU
		{B3F5756F-0398-49BE-ABA7-CC2F55D771D9}.Release|x86.Build.0 = Release|Any CPU
		{87EE0A6F-0D83-48BE-9EDC-141AE7D0581C}.Debug|Any CPU.ActiveCfg = Debug|Any CPU
		{87EE0A6F-0D83-48BE-9EDC-141AE7D0581C}.Debug|Any CPU.Build.0 = Debug|Any CPU
		{87EE0A6F-0D83-48BE-9EDC-141AE7D0581C}.Debug|x64.ActiveCfg = Debug|Any CPU
		{87EE0A6F-0D83-48BE-9EDC-141AE7D0581C}.Debug|x64.Build.0 = Debug|Any CPU
		{87EE0A6F-0D83-48BE-9EDC-141AE7D0581C}.Debug|x86.ActiveCfg = Debug|Any CPU
		{87EE0A6F-0D83-48BE-9EDC-141AE7D0581C}.Debug|x86.Build.0 = Debug|Any CPU
		{87EE0A6F-0D83-48BE-9EDC-141AE7D0581C}.Release|Any CPU.ActiveCfg = Release|Any CPU
		{87EE0A6F-0D83-48BE-9EDC-141AE7D0581C}.Release|Any CPU.Build.0 = Release|Any CPU
		{87EE0A6F-0D83-48BE-9EDC-141AE7D0581C}.Release|x64.ActiveCfg = Release|Any CPU
		{87EE0A6F-0D83-48BE-9EDC-141AE7D0581C}.Release|x64.Build.0 = Release|Any CPU
		{87EE0A6F-0D83-48BE-9EDC-141AE7D0581C}.Release|x86.ActiveCfg = Release|Any CPU
		{87EE0A6F-0D83-48BE-9EDC-141AE7D0581C}.Release|x86.Build.0 = Release|Any CPU
	EndGlobalSection
	GlobalSection(SolutionProperties) = preSolution
		HideSolutionNode = FALSE
	EndGlobalSection
	GlobalSection(NestedProjects) = preSolution
		{B3F5756F-0398-49BE-ABA7-CC2F55D771D9} = {E173CC06-6F7F-9853-0364-790DF04C690E}
		{87EE0A6F-0D83-48BE-9EDC-141AE7D0581C} = {E173CC06-6F7F-9853-0364-790DF04C690E}
	EndGlobalSection
EndGlobal
