
Microsoft Visual Studio Solution File, Format Version 12.00
# Visual Studio Version 17
VisualStudioVersion = 17.0.31912.275
MinimumVisualStudioVersion = 10.0.40219.1
Project("{9A19103F-16F7-4668-BE54-9A1E7A4F7556}") = "AMCode.Common", "AMCode.Common\AMCode.Common.csproj", "{8C191EE4-0111-4962-92CD-4E1A18D6ACCD}"
EndProject
Project("{9A19103F-16F7-4668-BE54-9A1E7A4F7556}") = "AMCode.Common.UnitTests", "AMCode.Common.UnitTests\AMCode.Common.UnitTests.csproj", "{4F8D71E5-74A2-4B73-BDCB-FC453AE7C3EC}"
EndProject
Project("{2150E333-8FDC-42A3-9474-1A3956D46DE8}") = "Solution Items", "Solution Items", "{449151EE-44E7-4122-9E8D-585C874A692F}"
	ProjectSection(SolutionItems) = preProject
		.editorconfig = .editorconfig
		.gitignore = .gitignore
		global.json = global.json
		nuget.config = nuget.config
		README.md = README.md
	EndProjectSection
EndProject
Global
	GlobalSection(SolutionConfigurationPlatforms) = preSolution
		Debug|Any CPU = Debug|Any CPU
		Release|Any CPU = Release|Any CPU
	EndGlobalSection
	GlobalSection(ProjectConfigurationPlatforms) = postSolution
		{8C191EE4-0111-4962-92CD-4E1A18D6ACCD}.Debug|Any CPU.ActiveCfg = Debug|Any CPU
		{8C191EE4-0111-4962-92CD-4E1A18D6ACCD}.Debug|Any CPU.Build.0 = Debug|Any CPU
		{8C191EE4-0111-4962-92CD-4E1A18D6ACCD}.Release|Any CPU.ActiveCfg = Release|Any CPU
		{8C191EE4-0111-4962-92CD-4E1A18D6ACCD}.Release|Any CPU.Build.0 = Release|Any CPU
		{4F8D71E5-74A2-4B73-BDCB-FC453AE7C3EC}.Debug|Any CPU.ActiveCfg = Debug|Any CPU
		{4F8D71E5-74A2-4B73-BDCB-FC453AE7C3EC}.Debug|Any CPU.Build.0 = Debug|Any CPU
		{4F8D71E5-74A2-4B73-BDCB-FC453AE7C3EC}.Release|Any CPU.ActiveCfg = Release|Any CPU
		{4F8D71E5-74A2-4B73-BDCB-FC453AE7C3EC}.Release|Any CPU.Build.0 = Release|Any CPU
	EndGlobalSection
	GlobalSection(SolutionProperties) = preSolution
		HideSolutionNode = FALSE
	EndGlobalSection
	GlobalSection(ExtensibilityGlobals) = postSolution
		SolutionGuid = {FA859D60-660A-4F68-872F-66E87D2E18A0}
	EndGlobalSection
EndGlobal
