
Microsoft Visual Studio Solution File, Format Version 12.00
# Visual Studio Version 16
VisualStudioVersion = 16.0.31605.320
MinimumVisualStudioVersion = 10.0.40219.1
Project("{9A19103F-16F7-4668-BE54-9A1E7A4F7556}") = "AMCode.Storage", "AMCode.Storage\AMCode.Storage.csproj", "{D2AD18B5-F171-4897-99F7-A6618F2CB309}"
EndProject
Project("{2150E333-8FDC-42A3-9474-1A3956D46DE8}") = "Solution Items", "Solution Items", "{51A01063-36C3-47E2-AF0E-2726B56C38BB}"
	ProjectSection(SolutionItems) = preProject
		.editorconfig = .editorconfig
		.gitignore = .gitignore
		AMCode.Storage\AMCode.Storage.nuspec = AMCode.Storage\AMCode.Storage.nuspec
		nuget.config = nuget.config
		README.md = README.md
	EndProjectSection
EndProject
Project("{9A19103F-16F7-4668-BE54-9A1E7A4F7556}") = "AMCode.Storage.UnitTests", "AMCode.Storage.UnitTests\AMCode.Storage.UnitTests.csproj", "{4F63827E-7E95-4E86-B984-9E6A69CCB5B2}"
EndProject
Global
	GlobalSection(SolutionConfigurationPlatforms) = preSolution
		Debug|Any CPU = Debug|Any CPU
		Release|Any CPU = Release|Any CPU
	EndGlobalSection
	GlobalSection(ProjectConfigurationPlatforms) = postSolution
		{D2AD18B5-F171-4897-99F7-A6618F2CB309}.Debug|Any CPU.ActiveCfg = Debug|Any CPU
		{D2AD18B5-F171-4897-99F7-A6618F2CB309}.Debug|Any CPU.Build.0 = Debug|Any CPU
		{D2AD18B5-F171-4897-99F7-A6618F2CB309}.Release|Any CPU.ActiveCfg = Release|Any CPU
		{D2AD18B5-F171-4897-99F7-A6618F2CB309}.Release|Any CPU.Build.0 = Release|Any CPU
		{4F63827E-7E95-4E86-B984-9E6A69CCB5B2}.Debug|Any CPU.ActiveCfg = Debug|Any CPU
		{4F63827E-7E95-4E86-B984-9E6A69CCB5B2}.Debug|Any CPU.Build.0 = Debug|Any CPU
		{4F63827E-7E95-4E86-B984-9E6A69CCB5B2}.Release|Any CPU.ActiveCfg = Release|Any CPU
		{4F63827E-7E95-4E86-B984-9E6A69CCB5B2}.Release|Any CPU.Build.0 = Release|Any CPU
	EndGlobalSection
	GlobalSection(SolutionProperties) = preSolution
		HideSolutionNode = FALSE
	EndGlobalSection
	GlobalSection(ExtensibilityGlobals) = postSolution
		SolutionGuid = {C3449D56-3F14-438D-BE8F-56AC39AFDB3E}
	EndGlobalSection
EndGlobal
